{
  "name": "MastodonJS",
  "version": "1.0.0",
  "lockfileVersion": 1,
  "requires": true,
  "dependencies": {
    "@types/node": {
      "version": "10.11.4",
      "resolved": "https://registry.npmjs.org/@types/node/-/node-10.11.4.tgz",
      "integrity": "sha512-ojnbBiKkZFYRfQpmtnnWTMw+rzGp/JiystjluW9jgN3VzRwilXddJ6aGQ9V/7iuDG06SBgn7ozW9k3zcAnYjYQ=="
    }
    },
    "node-fetch": {
      "version": "2.2.0",
      "resolved": "https://registry.npmjs.org/node-fetch/-/node-fetch-2.2.0.tgz",
      "integrity": "sha512-OayFWziIxiHY8bCUyLX6sTpDH8Jsbp4FfYd1j1f7vZyfgkcOnAyM4oQR16f8a0s7Gl/viMGRey8eScYk4V4EZA=="
    }
  }
}
